<?xml version="1.0" encoding="utf-8"?>
<Project ToolsVersion="4.0" xmlns="http://schemas.microsoft.com/developer/msbuild/2003">
  <ItemGroup>
    <Filter Include="Source Files">
      <UniqueIdentifier>{4FC737F1-C7A5-4376-A066-2A32D752A2FF}</UniqueIdentifier>
      <Extensions>cpp;c;cc;cxx;def;odl;idl;hpj;bat;asm;asmx</Extensions>
    </Filter>
    <Filter Include="Header Files">
      <UniqueIdentifier>{93995380-89BD-4b04-88EB-625FBE52EBFB}</UniqueIdentifier>
      <Extensions>h;hh;hpp;hxx;hm;inl;inc;xsd</Extensions>
    </Filter>
    <Filter Include="Resource Files">
      <UniqueIdentifier>{67DA6AB6-F800-4c08-8B7A-83BB121AAD01}</UniqueIdentifier>
      <Extensions>rc;ico;cur;bmp;dlg;rc2;rct;bin;rgs;gif;jpg;jpeg;jpe;resx;tiff;tif;png;wav</Extensions>
    </Filter>
  </ItemGroup>
  <ItemGroup>
    <ClCompile Include="AnalyzeContext.cpp">
      <Filter>Source Files</Filter>
    </ClCompile>
    <ClCompile Include="Arbitrator.cpp">
      <Filter>Source Files</Filter>
    </ClCompile>
    <ClCompile Include="CharacterUtil.cpp">
      <Filter>Source Files</Filter>
    </ClCompile>
    <ClCompile Include="CJKSegmenter.cpp">
      <Filter>Source Files</Filter>
    </ClCompile>
    <ClCompile Include="CN_QuantifierSegmenter.cpp">
      <Filter>Source Files</Filter>
    </ClCompile>
    <ClCompile Include="Dictionary.cpp">
      <Filter>Source Files</Filter>
    </ClCompile>
    <ClCompile Include="DictSegment.cpp">
      <Filter>Source Files</Filter>
    </ClCompile>
    <ClCompile Include="Hit.cpp">
      <Filter>Source Files</Filter>
    </ClCompile>
    <ClCompile Include="LetterSegmenter.cpp">
      <Filter>Source Files</Filter>
    </ClCompile>
    <ClCompile Include="Lexeme.cpp">
      <Filter>Source Files</Filter>
    </ClCompile>
    <ClCompile Include="LexemePath.cpp">
      <Filter>Source Files</Filter>
    </ClCompile>
    <ClCompile Include="QuickSortSet.cpp">
      <Filter>Source Files</Filter>
    </ClCompile>
    <ClCompile Include="ZTokenizer.cpp">
      <Filter>Source Files</Filter>
    </ClCompile>
    <ClCompile Include="Example.cpp">
      <Filter>Source Files</Filter>
    </ClCompile>
  </ItemGroup>
  <ItemGroup>
    <ClInclude Include="AnalyzeContext.h">
      <Filter>Header Files</Filter>
    </ClInclude>
    <ClInclude Include="Arbitrator.h">
      <Filter>Header Files</Filter>
    </ClInclude>
    <ClInclude Include="CharacterUtil.h">
      <Filter>Header Files</Filter>
    </ClInclude>
    <ClInclude Include="CJKSegmenter.h">
      <Filter>Header Files</Filter>
    </ClInclude>
    <ClInclude Include="CN_QuantifierSegmenter.h">
      <Filter>Header Files</Filter>
    </ClInclude>
    <ClInclude Include="Dictionary.h">
      <Filter>Header Files</Filter>
    </ClInclude>
    <ClInclude Include="DictSegment.h">
      <Filter>Header Files</Filter>
    </ClInclude>
    <ClInclude Include="Hit.h">
      <Filter>Header Files</Filter>
    </ClInclude>
    <ClInclude Include="ISegmenter.h">
      <Filter>Header Files</Filter>
    </ClInclude>
    <ClInclude Include="LetterSegmenter.h">
      <Filter>Header Files</Filter>
    </ClInclude>
    <ClInclude Include="Lexeme.h">
      <Filter>Header Files</Filter>
    </ClInclude>
    <ClInclude Include="LexemePath.h">
      <Filter>Header Files</Filter>
    </ClInclude>
    <ClInclude Include="QuickSortSet.h">
      <Filter>Header Files</Filter>
    </ClInclude>
    <ClInclude Include="ZTokenizer.h">
      <Filter>Header Files</Filter>
    </ClInclude>
  </ItemGroup>
</Project>